
Microsoft Visual Studio Solution File, Format Version 12.00
# Visual Studio 2012
Project("{FAE04EC0-301F-11D3-BF4B-00C04F79EFBC}") = "NServiceBus.Azure", "NServiceBus.Azure\NServiceBus.Azure.csproj", "{12F1D9F1-0A2C-4442-8D18-67DD096C6300}"
EndProject
Project("{FAE04EC0-301F-11D3-BF4B-00C04F79EFBC}") = "NServiceBus.Hosting.Azure", "NServiceBus.Hosting.Azure\NServiceBus.Hosting.Azure.csproj", "{6591ED91-F9A1-4CC3-813E-A33E07439D49}"
EndProject
Project("{FAE04EC0-301F-11D3-BF4B-00C04F79EFBC}") = "NServiceBus.Hosting.Azure.HostProcess", "NServiceBus.Hosting.Azure.HostProcess\NServiceBus.Hosting.Azure.HostProcess.csproj", "{11B81F23-64C6-4341-94AC-38B3C4C6B1E7}"
EndProject
Project("{FAE04EC0-301F-11D3-BF4B-00C04F79EFBC}") = "NServiceBus.Timeout.Hosting.Azure", "NServiceBus.Timeout.Hosting.Azure\NServiceBus.Timeout.Hosting.Azure.csproj", "{046FC5EF-EAE3-4306-BA3D-973197F32EB6}"
EndProject
Project("{FAE04EC0-301F-11D3-BF4B-00C04F79EFBC}") = "NServiceBus.Unicast.Queuing.Azure.Tests", "NServiceBus.Unicast.Queuing.Azure.Tests\NServiceBus.Unicast.Queuing.Azure.Tests.csproj", "{D917D6B0-53F0-4D21-BCBD-35BFE19FB4FD}"
EndProject
Project("{FAE04EC0-301F-11D3-BF4B-00C04F79EFBC}") = "NServiceBus.Azure.Tests", "NServiceBus.Azure.Tests\NServiceBus.Azure.Tests.csproj", "{E25B5433-7166-4C10-A76E-C0546F9E2497}"
EndProject
Global
	GlobalSection(SolutionConfigurationPlatforms) = preSolution
		Debug|Any CPU = Debug|Any CPU
		Release|Any CPU = Release|Any CPU
	EndGlobalSection
	GlobalSection(ProjectConfigurationPlatforms) = postSolution
		{12F1D9F1-0A2C-4442-8D18-67DD096C6300}.Debug|Any CPU.ActiveCfg = Debug|Any CPU
		{12F1D9F1-0A2C-4442-8D18-67DD096C6300}.Debug|Any CPU.Build.0 = Debug|Any CPU
		{12F1D9F1-0A2C-4442-8D18-67DD096C6300}.Release|Any CPU.ActiveCfg = Release|Any CPU
		{12F1D9F1-0A2C-4442-8D18-67DD096C6300}.Release|Any CPU.Build.0 = Release|Any CPU
		{6591ED91-F9A1-4CC3-813E-A33E07439D49}.Debug|Any CPU.ActiveCfg = Debug|Any CPU
		{6591ED91-F9A1-4CC3-813E-A33E07439D49}.Debug|Any CPU.Build.0 = Debug|Any CPU
		{6591ED91-F9A1-4CC3-813E-A33E07439D49}.Release|Any CPU.ActiveCfg = Release|Any CPU
		{6591ED91-F9A1-4CC3-813E-A33E07439D49}.Release|Any CPU.Build.0 = Release|Any CPU
		{11B81F23-64C6-4341-94AC-38B3C4C6B1E7}.Debug|Any CPU.ActiveCfg = Debug|Any CPU
		{11B81F23-64C6-4341-94AC-38B3C4C6B1E7}.Debug|Any CPU.Build.0 = Debug|Any CPU
		{11B81F23-64C6-4341-94AC-38B3C4C6B1E7}.Release|Any CPU.ActiveCfg = Release|Any CPU
		{11B81F23-64C6-4341-94AC-38B3C4C6B1E7}.Release|Any CPU.Build.0 = Release|Any CPU
		{046FC5EF-EAE3-4306-BA3D-973197F32EB6}.Debug|Any CPU.ActiveCfg = Debug|Any CPU
		{046FC5EF-EAE3-4306-BA3D-973197F32EB6}.Debug|Any CPU.Build.0 = Debug|Any CPU
		{046FC5EF-EAE3-4306-BA3D-973197F32EB6}.Release|Any CPU.ActiveCfg = Release|Any CPU
		{046FC5EF-EAE3-4306-BA3D-973197F32EB6}.Release|Any CPU.Build.0 = Release|Any CPU
		{D917D6B0-53F0-4D21-BCBD-35BFE19FB4FD}.Debug|Any CPU.ActiveCfg = Debug|Any CPU
		{D917D6B0-53F0-4D21-BCBD-35BFE19FB4FD}.Debug|Any CPU.Build.0 = Debug|Any CPU
		{D917D6B0-53F0-4D21-BCBD-35BFE19FB4FD}.Release|Any CPU.ActiveCfg = Release|Any CPU
		{D917D6B0-53F0-4D21-BCBD-35BFE19FB4FD}.Release|Any CPU.Build.0 = Release|Any CPU
		{E25B5433-7166-4C10-A76E-C0546F9E2497}.Debug|Any CPU.ActiveCfg = Debug|Any CPU
		{E25B5433-7166-4C10-A76E-C0546F9E2497}.Debug|Any CPU.Build.0 = Debug|Any CPU
		{E25B5433-7166-4C10-A76E-C0546F9E2497}.Release|Any CPU.ActiveCfg = Release|Any CPU
		{E25B5433-7166-4C10-A76E-C0546F9E2497}.Release|Any CPU.Build.0 = Release|Any CPU
	EndGlobalSection
	GlobalSection(SolutionProperties) = preSolution
		HideSolutionNode = FALSE
	EndGlobalSection
EndGlobal
